
Microsoft Visual Studio Solution File, Format Version 12.00
# Visual Studio Version 17
VisualStudioVersion = 17.8.34330.188
MinimumVisualStudioVersion = 10.0.40219.1
Project("{2150E333-8FDC-42A3-9474-1A3956D46DE8}") = "BuildingBlocks", "BuildingBlocks", "{7F9F0724-54D2-4DCF-8CCE-83C9F795C3D8}"
EndProject
Project("{2150E333-8FDC-42A3-9474-1A3956D46DE8}") = "Contracts", "Contracts", "{0FE6F3EC-4775-40EA-8FF8-7ADA68B9C8B9}"
EndProject
Project("{2150E333-8FDC-42A3-9474-1A3956D46DE8}") = "Hosts", "Hosts", "{6FB6C00B-67C0-4C9A-A07C-707E8327B28C}"
EndProject
Project("{2150E333-8FDC-42A3-9474-1A3956D46DE8}") = "Modules", "Modules", "{5902B753-1022-499F-BCE6-80D83F124836}"
EndProject
Project("{2150E333-8FDC-42A3-9474-1A3956D46DE8}") = "Functional", "Functional", "{0EAE37BD-9366-48C2-B8B7-FA5BC5F245E9}"
EndProject
Project("{2150E333-8FDC-42A3-9474-1A3956D46DE8}") = "NonFunctional", "NonFunctional", "{00494D3A-F508-48AA-B428-AD6106F7F4F6}"
EndProject
Project("{FAE04EC0-301F-11D3-BF4B-00C04F79EFBC}") = "DotNetOnAws.Infrastructure", "BuildingBlocks\DotNetOnAws.Infrastructure\DotNetOnAws.Infrastructure.csproj", "{C9E10E0C-0845-4BB9-96E8-5F8B217FCD52}"
EndProject
Project("{FAE04EC0-301F-11D3-BF4B-00C04F79EFBC}") = "DotNetOnAws.Application", "BuildingBlocks\DotNetOnAws.Application\DotNetOnAws.Application.csproj", "{2F521FCC-0943-4690-9751-B0F1AE85E5EA}"
EndProject
Project("{FAE04EC0-301F-11D3-BF4B-00C04F79EFBC}") = "DotNetOnAws.Domain", "BuildingBlocks\DotNetOnAws.Domain\DotNetOnAws.Domain.csproj", "{A109FE04-E219-47F7-9E8E-0A716ABF2FAE}"
EndProject
Project("{FAE04EC0-301F-11D3-BF4B-00C04F79EFBC}") = "DotNetOnAws.CrossCuttingConcerns", "BuildingBlocks\DotNetOnAws.CrossCuttingConcerns\DotNetOnAws.CrossCuttingConcerns.csproj", "{E7426310-3417-4FE5-A896-F1E8F4504FB2}"
EndProject
Project("{FAE04EC0-301F-11D3-BF4B-00C04F79EFBC}") = "DotNetOnAws.Contracts", "Contracts\DotNetOnAws.Contracts\DotNetOnAws.Contracts.csproj", "{A99E2B97-66DA-4673-9D60-855B5C04D3C5}"
EndProject
Project("{FAE04EC0-301F-11D3-BF4B-00C04F79EFBC}") = "DotNetOnAws.BackgroundServer", "Hosts\DotNetOnAws.BackgroundServer\DotNetOnAws.BackgroundServer.csproj", "{F7F841E2-E7F1-449D-9E42-28EE09CAE03A}"
EndProject
Project("{FAE04EC0-301F-11D3-BF4B-00C04F79EFBC}") = "DotNetOnAws.Migrator", "Hosts\DotNetOnAws.Migrator\DotNetOnAws.Migrator.csproj", "{BF080443-85A8-429C-814F-0A1F2A3EB53E}"
EndProject
Project("{FAE04EC0-301F-11D3-BF4B-00C04F79EFBC}") = "DotNetOnAws.WebAPI", "Hosts\DotNetOnAws.WebAPI\DotNetOnAws.WebAPI.csproj", "{E9E58F60-0D2F-4018-8B35-0D6DE8A51537}"
EndProject
Project("{FAE04EC0-301F-11D3-BF4B-00C04F79EFBC}") = "DotNetOnAws.Modules.AuditLog", "Modules\NonFunctional\AuditLog\DotNetOnAws.Modules.AuditLog\DotNetOnAws.Modules.AuditLog.csproj", "{2109126C-DE22-4842-B7EE-A8D33C876332}"
EndProject
Project("{2150E333-8FDC-42A3-9474-1A3956D46DE8}") = "AuditLog", "AuditLog", "{28723234-E4D8-4B51-B325-0CE2DF2634BC}"
EndProject
Project("{2150E333-8FDC-42A3-9474-1A3956D46DE8}") = "Storage", "Storage", "{D7C02A55-4F3D-4F88-9A0F-A2D3B59A54C8}"
EndProject
Project("{2150E333-8FDC-42A3-9474-1A3956D46DE8}") = "Product", "Product", "{63F8A760-422E-4186-A19D-7A78A39D966D}"
EndProject
Project("{2150E333-8FDC-42A3-9474-1A3956D46DE8}") = "Notification", "Notification", "{67B63C17-E3D9-429E-ACAD-6680B0E441DE}"
EndProject
Project("{2150E333-8FDC-42A3-9474-1A3956D46DE8}") = "Identity", "Identity", "{251CBC49-AF7A-473D-8F3A-B2371752C89A}"
EndProject
Project("{FAE04EC0-301F-11D3-BF4B-00C04F79EFBC}") = "DotNetOnAws.Modules.Identity", "Modules\NonFunctional\Identity\DotNetOnAws.Modules.Identity\DotNetOnAws.Modules.Identity.csproj", "{7520C2BF-5C87-4F40-B405-FBA25190894B}"
EndProject
Project("{FAE04EC0-301F-11D3-BF4B-00C04F79EFBC}") = "DotNetOnAws.IdentityServer", "Hosts\DotNetOnAws.IdentityServer\DotNetOnAws.IdentityServer.csproj", "{15E4DFFE-AB55-4CA9-A12C-6A61F1CFD702}"
EndProject
Project("{FAE04EC0-301F-11D3-BF4B-00C04F79EFBC}") = "DotNetOnAws.Modules.Notification", "Modules\NonFunctional\Notification\DotNetOnAws.Modules.Notification\DotNetOnAws.Modules.Notification.csproj", "{40C1E3B5-BCF5-4936-9BFC-CB7ED4319E6A}"
EndProject
Project("{FAE04EC0-301F-11D3-BF4B-00C04F79EFBC}") = "DotNetOnAws.Modules.Storage", "Modules\NonFunctional\Storage\DotNetOnAws.Modules.Storage\DotNetOnAws.Modules.Storage.csproj", "{CAC92C15-23D9-4AED-883F-E47017D05A23}"
EndProject
Project("{FAE04EC0-301F-11D3-BF4B-00C04F79EFBC}") = "DotNetOnAws.Modules.Product", "Modules\Functional\Product\DotNetOnAws.Modules.Product\DotNetOnAws.Modules.Product.csproj", "{82A2B44A-7231-4FDF-805E-2746E6CC2E73}"
EndProject
Project("{FAE04EC0-301F-11D3-BF4B-00C04F79EFBC}") = "DotNetOnAws.Modules.Product.EndToEndTests", "Modules\Functional\Product\DotNetOnAws.Modules.Product.EndToEndTests\DotNetOnAws.Modules.Product.EndToEndTests.csproj", "{93D9E95B-BAF3-40F7-A422-7B320CBC6D1A}"
EndProject
Project("{FAE04EC0-301F-11D3-BF4B-00C04F79EFBC}") = "DotNetOnAws.Modules.Product.IntegrationTests", "Modules\Functional\Product\DotNetOnAws.Modules.Product.IntegrationTests\DotNetOnAws.Modules.Product.IntegrationTests.csproj", "{BDF8C421-0A29-4563-96F0-15C40DD2F56A}"
EndProject
Project("{FAE04EC0-301F-11D3-BF4B-00C04F79EFBC}") = "DotNetOnAws.Modules.Product.UnitTests", "Modules\Functional\Product\DotNetOnAws.Modules.Product.UnitTests\DotNetOnAws.Modules.Product.UnitTests.csproj", "{93B6B5E4-90A7-49F5-8CB2-A0E55C402144}"
EndProject
Global
	GlobalSection(SolutionConfigurationPlatforms) = preSolution
		Debug|Any CPU = Debug|Any CPU
		Release|Any CPU = Release|Any CPU
	EndGlobalSection
	GlobalSection(ProjectConfigurationPlatforms) = postSolution
		{C9E10E0C-0845-4BB9-96E8-5F8B217FCD52}.Debug|Any CPU.ActiveCfg = Debug|Any CPU
		{C9E10E0C-0845-4BB9-96E8-5F8B217FCD52}.Debug|Any CPU.Build.0 = Debug|Any CPU
		{C9E10E0C-0845-4BB9-96E8-5F8B217FCD52}.Release|Any CPU.ActiveCfg = Release|Any CPU
		{C9E10E0C-0845-4BB9-96E8-5F8B217FCD52}.Release|Any CPU.Build.0 = Release|Any CPU
		{2F521FCC-0943-4690-9751-B0F1AE85E5EA}.Debug|Any CPU.ActiveCfg = Debug|Any CPU
		{2F521FCC-0943-4690-9751-B0F1AE85E5EA}.Debug|Any CPU.Build.0 = Debug|Any CPU
		{2F521FCC-0943-4690-9751-B0F1AE85E5EA}.Release|Any CPU.ActiveCfg = Release|Any CPU
		{2F521FCC-0943-4690-9751-B0F1AE85E5EA}.Release|Any CPU.Build.0 = Release|Any CPU
		{A109FE04-E219-47F7-9E8E-0A716ABF2FAE}.Debug|Any CPU.ActiveCfg = Debug|Any CPU
		{A109FE04-E219-47F7-9E8E-0A716ABF2FAE}.Debug|Any CPU.Build.0 = Debug|Any CPU
		{A109FE04-E219-47F7-9E8E-0A716ABF2FAE}.Release|Any CPU.ActiveCfg = Release|Any CPU
		{A109FE04-E219-47F7-9E8E-0A716ABF2FAE}.Release|Any CPU.Build.0 = Release|Any CPU
		{E7426310-3417-4FE5-A896-F1E8F4504FB2}.Debug|Any CPU.ActiveCfg = Debug|Any CPU
		{E7426310-3417-4FE5-A896-F1E8F4504FB2}.Debug|Any CPU.Build.0 = Debug|Any CPU
		{E7426310-3417-4FE5-A896-F1E8F4504FB2}.Release|Any CPU.ActiveCfg = Release|Any CPU
		{E7426310-3417-4FE5-A896-F1E8F4504FB2}.Release|Any CPU.Build.0 = Release|Any CPU
		{A99E2B97-66DA-4673-9D60-855B5C04D3C5}.Debug|Any CPU.ActiveCfg = Debug|Any CPU
		{A99E2B97-66DA-4673-9D60-855B5C04D3C5}.Debug|Any CPU.Build.0 = Debug|Any CPU
		{A99E2B97-66DA-4673-9D60-855B5C04D3C5}.Release|Any CPU.ActiveCfg = Release|Any CPU
		{A99E2B97-66DA-4673-9D60-855B5C04D3C5}.Release|Any CPU.Build.0 = Release|Any CPU
		{F7F841E2-E7F1-449D-9E42-28EE09CAE03A}.Debug|Any CPU.ActiveCfg = Debug|Any CPU
		{F7F841E2-E7F1-449D-9E42-28EE09CAE03A}.Debug|Any CPU.Build.0 = Debug|Any CPU
		{F7F841E2-E7F1-449D-9E42-28EE09CAE03A}.Release|Any CPU.ActiveCfg = Release|Any CPU
		{F7F841E2-E7F1-449D-9E42-28EE09CAE03A}.Release|Any CPU.Build.0 = Release|Any CPU
		{BF080443-85A8-429C-814F-0A1F2A3EB53E}.Debug|Any CPU.ActiveCfg = Debug|Any CPU
		{BF080443-85A8-429C-814F-0A1F2A3EB53E}.Debug|Any CPU.Build.0 = Debug|Any CPU
		{BF080443-85A8-429C-814F-0A1F2A3EB53E}.Release|Any CPU.ActiveCfg = Release|Any CPU
		{BF080443-85A8-429C-814F-0A1F2A3EB53E}.Release|Any CPU.Build.0 = Release|Any CPU
		{E9E58F60-0D2F-4018-8B35-0D6DE8A51537}.Debug|Any CPU.ActiveCfg = Debug|Any CPU
		{E9E58F60-0D2F-4018-8B35-0D6DE8A51537}.Debug|Any CPU.Build.0 = Debug|Any CPU
		{E9E58F60-0D2F-4018-8B35-0D6DE8A51537}.Release|Any CPU.ActiveCfg = Release|Any CPU
		{E9E58F60-0D2F-4018-8B35-0D6DE8A51537}.Release|Any CPU.Build.0 = Release|Any CPU
		{2109126C-DE22-4842-B7EE-A8D33C876332}.Debug|Any CPU.ActiveCfg = Debug|Any CPU
		{2109126C-DE22-4842-B7EE-A8D33C876332}.Debug|Any CPU.Build.0 = Debug|Any CPU
		{2109126C-DE22-4842-B7EE-A8D33C876332}.Release|Any CPU.ActiveCfg = Release|Any CPU
		{2109126C-DE22-4842-B7EE-A8D33C876332}.Release|Any CPU.Build.0 = Release|Any CPU
		{7520C2BF-5C87-4F40-B405-FBA25190894B}.Debug|Any CPU.ActiveCfg = Debug|Any CPU
		{7520C2BF-5C87-4F40-B405-FBA25190894B}.Debug|Any CPU.Build.0 = Debug|Any CPU
		{7520C2BF-5C87-4F40-B405-FBA25190894B}.Release|Any CPU.ActiveCfg = Release|Any CPU
		{7520C2BF-5C87-4F40-B405-FBA25190894B}.Release|Any CPU.Build.0 = Release|Any CPU
		{15E4DFFE-AB55-4CA9-A12C-6A61F1CFD702}.Debug|Any CPU.ActiveCfg = Debug|Any CPU
		{15E4DFFE-AB55-4CA9-A12C-6A61F1CFD702}.Debug|Any CPU.Build.0 = Debug|Any CPU
		{15E4DFFE-AB55-4CA9-A12C-6A61F1CFD702}.Release|Any CPU.ActiveCfg = Release|Any CPU
		{15E4DFFE-AB55-4CA9-A12C-6A61F1CFD702}.Release|Any CPU.Build.0 = Release|Any CPU
		{40C1E3B5-BCF5-4936-9BFC-CB7ED4319E6A}.Debug|Any CPU.ActiveCfg = Debug|Any CPU
		{40C1E3B5-BCF5-4936-9BFC-CB7ED4319E6A}.Debug|Any CPU.Build.0 = Debug|Any CPU
		{40C1E3B5-BCF5-4936-9BFC-CB7ED4319E6A}.Release|Any CPU.ActiveCfg = Release|Any CPU
		{40C1E3B5-BCF5-4936-9BFC-CB7ED4319E6A}.Release|Any CPU.Build.0 = Release|Any CPU
		{CAC92C15-23D9-4AED-883F-E47017D05A23}.Debug|Any CPU.ActiveCfg = Debug|Any CPU
		{CAC92C15-23D9-4AED-883F-E47017D05A23}.Debug|Any CPU.Build.0 = Debug|Any CPU
		{CAC92C15-23D9-4AED-883F-E47017D05A23}.Release|Any CPU.ActiveCfg = Release|Any CPU
		{CAC92C15-23D9-4AED-883F-E47017D05A23}.Release|Any CPU.Build.0 = Release|Any CPU
		{82A2B44A-7231-4FDF-805E-2746E6CC2E73}.Debug|Any CPU.ActiveCfg = Debug|Any CPU
		{82A2B44A-7231-4FDF-805E-2746E6CC2E73}.Debug|Any CPU.Build.0 = Debug|Any CPU
		{82A2B44A-7231-4FDF-805E-2746E6CC2E73}.Release|Any CPU.ActiveCfg = Release|Any CPU
		{82A2B44A-7231-4FDF-805E-2746E6CC2E73}.Release|Any CPU.Build.0 = Release|Any CPU
		{93D9E95B-BAF3-40F7-A422-7B320CBC6D1A}.Debug|Any CPU.ActiveCfg = Debug|Any CPU
		{93D9E95B-BAF3-40F7-A422-7B320CBC6D1A}.Debug|Any CPU.Build.0 = Debug|Any CPU
		{93D9E95B-BAF3-40F7-A422-7B320CBC6D1A}.Release|Any CPU.ActiveCfg = Release|Any CPU
		{93D9E95B-BAF3-40F7-A422-7B320CBC6D1A}.Release|Any CPU.Build.0 = Release|Any CPU
		{BDF8C421-0A29-4563-96F0-15C40DD2F56A}.Debug|Any CPU.ActiveCfg = Debug|Any CPU
		{BDF8C421-0A29-4563-96F0-15C40DD2F56A}.Debug|Any CPU.Build.0 = Debug|Any CPU
		{BDF8C421-0A29-4563-96F0-15C40DD2F56A}.Release|Any CPU.ActiveCfg = Release|Any CPU
		{BDF8C421-0A29-4563-96F0-15C40DD2F56A}.Release|Any CPU.Build.0 = Release|Any CPU
		{93B6B5E4-90A7-49F5-8CB2-A0E55C402144}.Debug|Any CPU.ActiveCfg = Debug|Any CPU
		{93B6B5E4-90A7-49F5-8CB2-A0E55C402144}.Debug|Any CPU.Build.0 = Debug|Any CPU
		{93B6B5E4-90A7-49F5-8CB2-A0E55C402144}.Release|Any CPU.ActiveCfg = Release|Any CPU
		{93B6B5E4-90A7-49F5-8CB2-A0E55C402144}.Release|Any CPU.Build.0 = Release|Any CPU
	EndGlobalSection
	GlobalSection(SolutionProperties) = preSolution
		HideSolutionNode = FALSE
	EndGlobalSection
	GlobalSection(NestedProjects) = preSolution
		{0EAE37BD-9366-48C2-B8B7-FA5BC5F245E9} = {5902B753-1022-499F-BCE6-80D83F124836}
		{00494D3A-F508-48AA-B428-AD6106F7F4F6} = {5902B753-1022-499F-BCE6-80D83F124836}
		{C9E10E0C-0845-4BB9-96E8-5F8B217FCD52} = {7F9F0724-54D2-4DCF-8CCE-83C9F795C3D8}
		{2F521FCC-0943-4690-9751-B0F1AE85E5EA} = {7F9F0724-54D2-4DCF-8CCE-83C9F795C3D8}
		{A109FE04-E219-47F7-9E8E-0A716ABF2FAE} = {7F9F0724-54D2-4DCF-8CCE-83C9F795C3D8}
		{E7426310-3417-4FE5-A896-F1E8F4504FB2} = {7F9F0724-54D2-4DCF-8CCE-83C9F795C3D8}
		{A99E2B97-66DA-4673-9D60-855B5C04D3C5} = {0FE6F3EC-4775-40EA-8FF8-7ADA68B9C8B9}
		{F7F841E2-E7F1-449D-9E42-28EE09CAE03A} = {6FB6C00B-67C0-4C9A-A07C-707E8327B28C}
		{BF080443-85A8-429C-814F-0A1F2A3EB53E} = {6FB6C00B-67C0-4C9A-A07C-707E8327B28C}
		{E9E58F60-0D2F-4018-8B35-0D6DE8A51537} = {6FB6C00B-67C0-4C9A-A07C-707E8327B28C}
		{2109126C-DE22-4842-B7EE-A8D33C876332} = {28723234-E4D8-4B51-B325-0CE2DF2634BC}
		{28723234-E4D8-4B51-B325-0CE2DF2634BC} = {00494D3A-F508-48AA-B428-AD6106F7F4F6}
		{D7C02A55-4F3D-4F88-9A0F-A2D3B59A54C8} = {00494D3A-F508-48AA-B428-AD6106F7F4F6}
		{63F8A760-422E-4186-A19D-7A78A39D966D} = {0EAE37BD-9366-48C2-B8B7-FA5BC5F245E9}
		{67B63C17-E3D9-429E-ACAD-6680B0E441DE} = {00494D3A-F508-48AA-B428-AD6106F7F4F6}
		{251CBC49-AF7A-473D-8F3A-B2371752C89A} = {00494D3A-F508-48AA-B428-AD6106F7F4F6}
		{7520C2BF-5C87-4F40-B405-FBA25190894B} = {251CBC49-AF7A-473D-8F3A-B2371752C89A}
		{15E4DFFE-AB55-4CA9-A12C-6A61F1CFD702} = {6FB6C00B-67C0-4C9A-A07C-707E8327B28C}
		{40C1E3B5-BCF5-4936-9BFC-CB7ED4319E6A} = {67B63C17-E3D9-429E-ACAD-6680B0E441DE}
		{CAC92C15-23D9-4AED-883F-E47017D05A23} = {D7C02A55-4F3D-4F88-9A0F-A2D3B59A54C8}
		{82A2B44A-7231-4FDF-805E-2746E6CC2E73} = {63F8A760-422E-4186-A19D-7A78A39D966D}
		{93D9E95B-BAF3-40F7-A422-7B320CBC6D1A} = {63F8A760-422E-4186-A19D-7A78A39D966D}
		{BDF8C421-0A29-4563-96F0-15C40DD2F56A} = {63F8A760-422E-4186-A19D-7A78A39D966D}
		{93B6B5E4-90A7-49F5-8CB2-A0E55C402144} = {63F8A760-422E-4186-A19D-7A78A39D966D}
	EndGlobalSection
	GlobalSection(ExtensibilityGlobals) = postSolution
		SolutionGuid = {ED06F227-8705-481C-B228-B59D718A1A6B}
	EndGlobalSection
EndGlobal
